// !$*UTF8*$!
{
	archiveVersion = 1;
	classes = {
	};
	objectVersion = 52;
	objects = {

/* Begin PBXBuildFile section */
		2B009AC825F3389C001364F0 /* Atomic.swift in Sources */ = {isa = PBXBuildFile; fileRef = 2B009AC725F3389C001364F0 /* Atomic.swift */; };
		2B125D7D253753D1000C45C5 /* MediaKeyHandler.swift in Sources */ = {isa = PBXBuildFile; fileRef = 2B125D7C253753D1000C45C5 /* MediaKeyHandler.swift */; };
		2B22659F25412DB600F970B9 /* ListenMoeController.swift in Sources */ = {isa = PBXBuildFile; fileRef = 2B22659E25412DB600F970B9 /* ListenMoeController.swift */; };
		2B2D2C7D256E9F1700ED6DB5 /* RateLimiter.swift in Sources */ = {isa = PBXBuildFile; fileRef = 2B2D2C7C256E9F1700ED6DB5 /* RateLimiter.swift */; };
		2B2D2C7F256E9F4800ED6DB5 /* Extensions.swift in Sources */ = {isa = PBXBuildFile; fileRef = 2B2D2C7E256E9F4800ED6DB5 /* Extensions.swift */; };
		2B4077E6256D74810054F4DC /* Client.swift in Sources */ = {isa = PBXBuildFile; fileRef = 2B4077E5256D74810054F4DC /* Client.swift */; };
		2B4077E8256D84400054F4DC /* MainModel.swift in Sources */ = {isa = PBXBuildFile; fileRef = 2B4077E7256D84400054F4DC /* MainModel.swift */; };
		2B4077EB256D8B8C0054F4DC /* Socket in Frameworks */ = {isa = PBXBuildFile; productRef = 2B4077EA256D8B8C0054F4DC /* Socket */; };
		2B520CA12537F2A400FECA0E /* DFRFoundation.framework in Frameworks */ = {isa = PBXBuildFile; fileRef = 2B520CA02537F2A400FECA0E /* DFRFoundation.framework */; };
		2B743D9D25EE737D00CC7D1D /* AudioEngine.swift in Sources */ = {isa = PBXBuildFile; fileRef = 2B743D9C25EE737D00CC7D1D /* AudioEngine.swift */; };
		2B9DB59E23F0074500950421 /* ListenMoeSession.swift in Sources */ = {isa = PBXBuildFile; fileRef = 2B9DB59D23F0074500950421 /* ListenMoeSession.swift */; };
		2B9DB5A023F0085E00950421 /* ServiceController.swift in Sources */ = {isa = PBXBuildFile; fileRef = 2B9DB59F23F0085E00950421 /* ServiceController.swift */; };
		2BA155DB254125B300BB33FF /* Introspect in Frameworks */ = {isa = PBXBuildFile; productRef = 2BA155DA254125B300BB33FF /* Introspect */; };
		2BA155DE2541263800BB33FF /* Just in Frameworks */ = {isa = PBXBuildFile; productRef = 2BA155DD2541263800BB33FF /* Just */; };
		2BA155E1254126BB00BB33FF /* KeychainSwift in Frameworks */ = {isa = PBXBuildFile; productRef = 2BA155E0254126BB00BB33FF /* KeychainSwift */; };
		2BA155E42541274E00BB33FF /* SwiftyJSON in Frameworks */ = {isa = PBXBuildFile; productRef = 2BA155E32541274E00BB33FF /* SwiftyJSON */; };
		2BA155E7254127AF00BB33FF /* Deque in Frameworks */ = {isa = PBXBuildFile; productRef = 2BA155E6254127AF00BB33FF /* Deque */; };
		2BA155E8254127AF00BB33FF /* Deque in CopyFiles */ = {isa = PBXBuildFile; productRef = 2BA155E6254127AF00BB33FF /* Deque */; settings = {ATTRIBUTES = (CodeSignOnCopy, ); }; };
		2BA155EB254127D800BB33FF /* Starscream in Frameworks */ = {isa = PBXBuildFile; productRef = 2BA155EA254127D800BB33FF /* Starscream */; };
		2BA283FC23F14607008E0DEB /* ViewWrappers.swift in Sources */ = {isa = PBXBuildFile; fileRef = 2BA283FB23F14607008E0DEB /* ViewWrappers.swift */; };
		2BA9071923F0731300782C94 /* Settings.swift in Sources */ = {isa = PBXBuildFile; fileRef = 2BA9071823F0731300782C94 /* Settings.swift */; };
		2BA9071B23F07DF200782C94 /* SettingsView.swift in Sources */ = {isa = PBXBuildFile; fileRef = 2BA9071A23F07DF200782C94 /* SettingsView.swift */; };
		2BCEB21925EE16A400F731DD /* AudioDevices.swift in Sources */ = {isa = PBXBuildFile; fileRef = 2BCEB21825EE16A400F731DD /* AudioDevices.swift */; };
		2BCEB21B25EE16BD00F731DD /* CoreAudio.framework in Frameworks */ = {isa = PBXBuildFile; fileRef = 2BCEB21A25EE16BD00F731DD /* CoreAudio.framework */; };
		2BCEB21E25EE24E700F731DD /* CoreAudioWrapper.swift in Sources */ = {isa = PBXBuildFile; fileRef = 2BCEB21D25EE24E700F731DD /* CoreAudioWrapper.swift */; };
		2BCFF60023F1CEEE00A58EFE /* LogView.swift in Sources */ = {isa = PBXBuildFile; fileRef = 2BCFF5FF23F1CEEE00A58EFE /* LogView.swift */; };
		2BCFF60223F1DF9700A58EFE /* Logger.swift in Sources */ = {isa = PBXBuildFile; fileRef = 2BCFF60123F1DF9700A58EFE /* Logger.swift */; };
		2BD486C223EFE3030066F1C4 /* AppDelegate.swift in Sources */ = {isa = PBXBuildFile; fileRef = 2BD486C123EFE3030066F1C4 /* AppDelegate.swift */; };
		2BD486C423EFE3030066F1C4 /* MainView.swift in Sources */ = {isa = PBXBuildFile; fileRef = 2BD486C323EFE3030066F1C4 /* MainView.swift */; };
		2BD486C623EFE3070066F1C4 /* Assets.xcassets in Resources */ = {isa = PBXBuildFile; fileRef = 2BD486C523EFE3070066F1C4 /* Assets.xcassets */; };
		2BD486CC23EFE3070066F1C4 /* Main.storyboard in Resources */ = {isa = PBXBuildFile; fileRef = 2BD486CA23EFE3070066F1C4 /* Main.storyboard */; };
		2BD486D523EFE6C20066F1C4 /* ViewController.swift in Sources */ = {isa = PBXBuildFile; fileRef = 2BD486D423EFE6C20066F1C4 /* ViewController.swift */; };
		2BD486D823EFF3A40066F1C4 /* AudioToolbox.framework in Frameworks */ = {isa = PBXBuildFile; fileRef = 2BD486D723EFF3A40066F1C4 /* AudioToolbox.framework */; };
		2BD486DA23EFF3AB0066F1C4 /* AVFoundation.framework in Frameworks */ = {isa = PBXBuildFile; fileRef = 2BD486D923EFF3AB0066F1C4 /* AVFoundation.framework */; };
		2BD486DC23EFF3B10066F1C4 /* CFNetwork.framework in Frameworks */ = {isa = PBXBuildFile; fileRef = 2BD486DB23EFF3B10066F1C4 /* CFNetwork.framework */; };
		2BD486DE23EFF3B70066F1C4 /* CoreFoundation.framework in Frameworks */ = {isa = PBXBuildFile; fileRef = 2BD486DD23EFF3B70066F1C4 /* CoreFoundation.framework */; };
		2BD486E023EFF3BD0066F1C4 /* CoreGraphics.framework in Frameworks */ = {isa = PBXBuildFile; fileRef = 2BD486DF23EFF3BD0066F1C4 /* CoreGraphics.framework */; };
		2BD486E223EFF3D00066F1C4 /* CoreMedia.framework in Frameworks */ = {isa = PBXBuildFile; fileRef = 2BD486E123EFF3D00066F1C4 /* CoreMedia.framework */; };
		2BD486E423EFF3D60066F1C4 /* CoreText.framework in Frameworks */ = {isa = PBXBuildFile; fileRef = 2BD486E323EFF3D60066F1C4 /* CoreText.framework */; };
		2BD486E623EFF3DA0066F1C4 /* CoreVideo.framework in Frameworks */ = {isa = PBXBuildFile; fileRef = 2BD486E523EFF3DA0066F1C4 /* CoreVideo.framework */; };
		2BD486E823EFF3E00066F1C4 /* Foundation.framework in Frameworks */ = {isa = PBXBuildFile; fileRef = 2BD486E723EFF3E00066F1C4 /* Foundation.framework */; };
		2BD486EF23EFF4040066F1C4 /* QuartzCore.framework in Frameworks */ = {isa = PBXBuildFile; fileRef = 2BD486EE23EFF4040066F1C4 /* QuartzCore.framework */; };
		2BD486F123EFF40A0066F1C4 /* Security.framework in Frameworks */ = {isa = PBXBuildFile; fileRef = 2BD486F023EFF40A0066F1C4 /* Security.framework */; };
		2BD486F323EFF40F0066F1C4 /* VideoToolbox.framework in Frameworks */ = {isa = PBXBuildFile; fileRef = 2BD486F223EFF40F0066F1C4 /* VideoToolbox.framework */; };
		2BD486F423EFF41B0066F1C4 /* libbz2.tbd in Frameworks */ = {isa = PBXBuildFile; fileRef = 2BD486E923EFF3E60066F1C4 /* libbz2.tbd */; };
		2BD486F523EFF41F0066F1C4 /* libiconv.tbd in Frameworks */ = {isa = PBXBuildFile; fileRef = 2BD486EB23EFF3F40066F1C4 /* libiconv.tbd */; };
		2BD486F723EFF4350066F1C4 /* VLCKit.framework in Frameworks */ = {isa = PBXBuildFile; fileRef = 2BD486F623EFF4350066F1C4 /* VLCKit.framework */; };
		2BD486FA23EFF7520066F1C4 /* VLCKit.framework in CopyFiles */ = {isa = PBXBuildFile; fileRef = 2BD486F623EFF4350066F1C4 /* VLCKit.framework */; settings = {ATTRIBUTES = (CodeSignOnCopy, RemoveHeadersOnCopy, ); }; };
		2BD486FC23EFFE0B0066F1C4 /* StreamAudioController.swift in Sources */ = {isa = PBXBuildFile; fileRef = 2BD486FB23EFFE0B0066F1C4 /* StreamAudioController.swift */; };
		2BD83F8A23F2A01A00422034 /* README.md in Resources */ = {isa = PBXBuildFile; fileRef = 2BD83F8923F2A01A00422034 /* README.md */; };
		2BD83F8C23F331E100422034 /* Statistics.swift in Sources */ = {isa = PBXBuildFile; fileRef = 2BD83F8B23F331E100422034 /* Statistics.swift */; };
		2BE995E223FB9B7A0092023C /* ActivityIndicator.swift in Sources */ = {isa = PBXBuildFile; fileRef = 2BE995E123FB9B7A0092023C /* ActivityIndicator.swift */; };
		2BE995E423FB9B990092023C /* BetterTextField.swift in Sources */ = {isa = PBXBuildFile; fileRef = 2BE995E323FB9B990092023C /* BetterTextField.swift */; };
		2BE995E623FB9BB10092023C /* VolumeSlider.swift in Sources */ = {isa = PBXBuildFile; fileRef = 2BE995E523FB9BB10092023C /* VolumeSlider.swift */; };
		2BE995E823FB9BD40092023C /* ScrollView.swift in Sources */ = {isa = PBXBuildFile; fileRef = 2BE995E723FB9BD40092023C /* ScrollView.swift */; };
		2BE995EA23FB9F210092023C /* iTunesLibrary.framework in Frameworks */ = {isa = PBXBuildFile; fileRef = 2BE995E923FB9F210092023C /* iTunesLibrary.framework */; };
		2BE995ED23FBA0190092023C /* LocalMusic.swift in Sources */ = {isa = PBXBuildFile; fileRef = 2BE995EC23FBA0190092023C /* LocalMusic.swift */; };
		2BE995F023FBA0CE0092023C /* AudioController.swift in Sources */ = {isa = PBXBuildFile; fileRef = 2BE995EF23FBA0CE0092023C /* AudioController.swift */; };
		2BE995F223FBAB340092023C /* PopupButton.swift in Sources */ = {isa = PBXBuildFile; fileRef = 2BE995F123FBAB340092023C /* PopupButton.swift */; };
		2BE995F623FBB76B0092023C /* MusicBackend.swift in Sources */ = {isa = PBXBuildFile; fileRef = 2BE995F523FBB76B0092023C /* MusicBackend.swift */; };
		2BE995F823FBEA4F0092023C /* LocalAudioController.swift in Sources */ = {isa = PBXBuildFile; fileRef = 2BE995F723FBEA4E0092023C /* LocalAudioController.swift */; };
		2BECD3E92577784500FF2544 /* NotifCentreNowPlaying.swift in Sources */ = {isa = PBXBuildFile; fileRef = 2BECD3E82577784500FF2544 /* NotifCentreNowPlaying.swift */; };
		2BECD3EB2577852F00FF2544 /* InsomniaInducer.swift in Sources */ = {isa = PBXBuildFile; fileRef = 2BECD3EA2577852F00FF2544 /* InsomniaInducer.swift */; };
		2BF4A33C254070E100942DCF /* SearchView.swift in Sources */ = {isa = PBXBuildFile; fileRef = 2BF4A33B254070E100942DCF /* SearchView.swift */; };
/* End PBXBuildFile section */

/* Begin PBXCopyFilesBuildPhase section */
		2BD486F923EFF7490066F1C4 /* CopyFiles */ = {
			isa = PBXCopyFilesBuildPhase;
			buildActionMask = 2147483647;
			dstPath = "";
			dstSubfolderSpec = 10;
			files = (
				2BA155E8254127AF00BB33FF /* Deque in CopyFiles */,
				2BD486FA23EFF7520066F1C4 /* VLCKit.framework in CopyFiles */,
			);
			runOnlyForDeploymentPostprocessing = 0;
		};
/* End PBXCopyFilesBuildPhase section */

/* Begin PBXFileReference section */
		2B009AC725F3389C001364F0 /* Atomic.swift */ = {isa = PBXFileReference; lastKnownFileType = sourcecode.swift; path = Atomic.swift; sourceTree = "<group>"; };
		2B125D7C253753D1000C45C5 /* MediaKeyHandler.swift */ = {isa = PBXFileReference; lastKnownFileType = sourcecode.swift; path = MediaKeyHandler.swift; sourceTree = "<group>"; };
		2B22659E25412DB600F970B9 /* ListenMoeController.swift */ = {isa = PBXFileReference; lastKnownFileType = sourcecode.swift; path = ListenMoeController.swift; sourceTree = "<group>"; };
		2B2D2C7C256E9F1700ED6DB5 /* RateLimiter.swift */ = {isa = PBXFileReference; lastKnownFileType = sourcecode.swift; path = RateLimiter.swift; sourceTree = "<group>"; };
		2B2D2C7E256E9F4800ED6DB5 /* Extensions.swift */ = {isa = PBXFileReference; lastKnownFileType = sourcecode.swift; path = Extensions.swift; sourceTree = "<group>"; };
		2B4077E5256D74810054F4DC /* Client.swift */ = {isa = PBXFileReference; lastKnownFileType = sourcecode.swift; path = Client.swift; sourceTree = "<group>"; };
		2B4077E7256D84400054F4DC /* MainModel.swift */ = {isa = PBXFileReference; lastKnownFileType = sourcecode.swift; path = MainModel.swift; sourceTree = "<group>"; };
		2B520CA02537F2A400FECA0E /* DFRFoundation.framework */ = {isa = PBXFileReference; lastKnownFileType = wrapper.framework; name = DFRFoundation.framework; path = ../../../../System/Library/PrivateFrameworks/DFRFoundation.framework; sourceTree = "<group>"; };
		2B743D9C25EE737D00CC7D1D /* AudioEngine.swift */ = {isa = PBXFileReference; lastKnownFileType = sourcecode.swift; path = AudioEngine.swift; sourceTree = "<group>"; };
		2B84385923F0208D00291BDA /* SwiftyJSON.framework */ = {isa = PBXFileReference; lastKnownFileType = wrapper.framework; name = SwiftyJSON.framework; path = Carthage/Build/Mac/SwiftyJSON.framework; sourceTree = "<group>"; };
		2B9DB59D23F0074500950421 /* ListenMoeSession.swift */ = {isa = PBXFileReference; lastKnownFileType = sourcecode.swift; path = ListenMoeSession.swift; sourceTree = "<group>"; };
		2B9DB59F23F0085E00950421 /* ServiceController.swift */ = {isa = PBXFileReference; lastKnownFileType = sourcecode.swift; path = ServiceController.swift; sourceTree = "<group>"; };
		2BA283F523F08201008E0DEB /* KeychainSwift.framework */ = {isa = PBXFileReference; lastKnownFileType = wrapper.framework; name = KeychainSwift.framework; path = Carthage/Build/Mac/KeychainSwift.framework; sourceTree = "<group>"; };
		2BA283F823F140EA008E0DEB /* Just.framework */ = {isa = PBXFileReference; lastKnownFileType = wrapper.framework; name = Just.framework; path = Carthage/Build/Mac/Just.framework; sourceTree = "<group>"; };
		2BA283FB23F14607008E0DEB /* ViewWrappers.swift */ = {isa = PBXFileReference; lastKnownFileType = sourcecode.swift; path = ViewWrappers.swift; sourceTree = "<group>"; };
		2BA9071823F0731300782C94 /* Settings.swift */ = {isa = PBXFileReference; lastKnownFileType = sourcecode.swift; path = Settings.swift; sourceTree = "<group>"; };
		2BA9071A23F07DF200782C94 /* SettingsView.swift */ = {isa = PBXFileReference; lastKnownFileType = sourcecode.swift; path = SettingsView.swift; sourceTree = "<group>"; };
		2BCEB21825EE16A400F731DD /* AudioDevices.swift */ = {isa = PBXFileReference; lastKnownFileType = sourcecode.swift; path = AudioDevices.swift; sourceTree = "<group>"; };
		2BCEB21A25EE16BD00F731DD /* CoreAudio.framework */ = {isa = PBXFileReference; lastKnownFileType = wrapper.framework; name = CoreAudio.framework; path = System/Library/Frameworks/CoreAudio.framework; sourceTree = SDKROOT; };
		2BCEB21D25EE24E700F731DD /* CoreAudioWrapper.swift */ = {isa = PBXFileReference; lastKnownFileType = sourcecode.swift; path = CoreAudioWrapper.swift; sourceTree = "<group>"; };
		2BCFF5FF23F1CEEE00A58EFE /* LogView.swift */ = {isa = PBXFileReference; lastKnownFileType = sourcecode.swift; path = LogView.swift; sourceTree = "<group>"; };
		2BCFF60123F1DF9700A58EFE /* Logger.swift */ = {isa = PBXFileReference; lastKnownFileType = sourcecode.swift; path = Logger.swift; sourceTree = "<group>"; };
		2BD367ED23FDBCA900926068 /* Deque.framework */ = {isa = PBXFileReference; lastKnownFileType = wrapper.framework; name = Deque.framework; path = Carthage/Build/Mac/Deque.framework; sourceTree = "<group>"; };
		2BD486BE23EFE3030066F1C4 /* MoeStreamer.app */ = {isa = PBXFileReference; explicitFileType = wrapper.application; includeInIndex = 0; path = MoeStreamer.app; sourceTree = BUILT_PRODUCTS_DIR; };
		2BD486C123EFE3030066F1C4 /* AppDelegate.swift */ = {isa = PBXFileReference; lastKnownFileType = sourcecode.swift; path = AppDelegate.swift; sourceTree = "<group>"; };
		2BD486C323EFE3030066F1C4 /* MainView.swift */ = {isa = PBXFileReference; lastKnownFileType = sourcecode.swift; path = MainView.swift; sourceTree = "<group>"; };
		2BD486C523EFE3070066F1C4 /* Assets.xcassets */ = {isa = PBXFileReference; lastKnownFileType = folder.assetcatalog; path = Assets.xcassets; sourceTree = "<group>"; };
		2BD486CB23EFE3070066F1C4 /* Base */ = {isa = PBXFileReference; lastKnownFileType = file.storyboard; name = Base; path = Base.lproj/Main.storyboard; sourceTree = "<group>"; };
		2BD486CD23EFE3070066F1C4 /* Info.plist */ = {isa = PBXFileReference; lastKnownFileType = text.plist.xml; path = Info.plist; sourceTree = "<group>"; };
		2BD486CE23EFE3070066F1C4 /* MoeStreamer.entitlements */ = {isa = PBXFileReference; lastKnownFileType = text.plist.entitlements; path = MoeStreamer.entitlements; sourceTree = "<group>"; };
		2BD486D423EFE6C20066F1C4 /* ViewController.swift */ = {isa = PBXFileReference; lastKnownFileType = sourcecode.swift; path = ViewController.swift; sourceTree = "<group>"; };
		2BD486D723EFF3A40066F1C4 /* AudioToolbox.framework */ = {isa = PBXFileReference; lastKnownFileType = wrapper.framework; name = AudioToolbox.framework; path = System/Library/Frameworks/AudioToolbox.framework; sourceTree = SDKROOT; };
		2BD486D923EFF3AB0066F1C4 /* AVFoundation.framework */ = {isa = PBXFileReference; lastKnownFileType = wrapper.framework; name = AVFoundation.framework; path = System/Library/Frameworks/AVFoundation.framework; sourceTree = SDKROOT; };
		2BD486DB23EFF3B10066F1C4 /* CFNetwork.framework */ = {isa = PBXFileReference; lastKnownFileType = wrapper.framework; name = CFNetwork.framework; path = System/Library/Frameworks/CFNetwork.framework; sourceTree = SDKROOT; };
		2BD486DD23EFF3B70066F1C4 /* CoreFoundation.framework */ = {isa = PBXFileReference; lastKnownFileType = wrapper.framework; name = CoreFoundation.framework; path = System/Library/Frameworks/CoreFoundation.framework; sourceTree = SDKROOT; };
		2BD486DF23EFF3BD0066F1C4 /* CoreGraphics.framework */ = {isa = PBXFileReference; lastKnownFileType = wrapper.framework; name = CoreGraphics.framework; path = System/Library/Frameworks/CoreGraphics.framework; sourceTree = SDKROOT; };
		2BD486E123EFF3D00066F1C4 /* CoreMedia.framework */ = {isa = PBXFileReference; lastKnownFileType = wrapper.framework; name = CoreMedia.framework; path = System/Library/Frameworks/CoreMedia.framework; sourceTree = SDKROOT; };
		2BD486E323EFF3D60066F1C4 /* CoreText.framework */ = {isa = PBXFileReference; lastKnownFileType = wrapper.framework; name = CoreText.framework; path = System/Library/Frameworks/CoreText.framework; sourceTree = SDKROOT; };
		2BD486E523EFF3DA0066F1C4 /* CoreVideo.framework */ = {isa = PBXFileReference; lastKnownFileType = wrapper.framework; name = CoreVideo.framework; path = System/Library/Frameworks/CoreVideo.framework; sourceTree = SDKROOT; };
		2BD486E723EFF3E00066F1C4 /* Foundation.framework */ = {isa = PBXFileReference; lastKnownFileType = wrapper.framework; name = Foundation.framework; path = System/Library/Frameworks/Foundation.framework; sourceTree = SDKROOT; };
		2BD486E923EFF3E60066F1C4 /* libbz2.tbd */ = {isa = PBXFileReference; lastKnownFileType = "sourcecode.text-based-dylib-definition"; name = libbz2.tbd; path = usr/lib/libbz2.tbd; sourceTree = SDKROOT; };
		2BD486EA23EFF3F00066F1C4 /* libbz2.1.0.5.tbd */ = {isa = PBXFileReference; lastKnownFileType = "sourcecode.text-based-dylib-definition"; name = libbz2.1.0.5.tbd; path = usr/lib/libbz2.1.0.5.tbd; sourceTree = SDKROOT; };
		2BD486EB23EFF3F40066F1C4 /* libiconv.tbd */ = {isa = PBXFileReference; lastKnownFileType = "sourcecode.text-based-dylib-definition"; name = libiconv.tbd; path = usr/lib/libiconv.tbd; sourceTree = SDKROOT; };
		2BD486EC23EFF3FE0066F1C4 /* OpenGL.framework */ = {isa = PBXFileReference; lastKnownFileType = wrapper.framework; name = OpenGL.framework; path = System/Library/Frameworks/OpenGL.framework; sourceTree = SDKROOT; };
		2BD486EE23EFF4040066F1C4 /* QuartzCore.framework */ = {isa = PBXFileReference; lastKnownFileType = wrapper.framework; name = QuartzCore.framework; path = System/Library/Frameworks/QuartzCore.framework; sourceTree = SDKROOT; };
		2BD486F023EFF40A0066F1C4 /* Security.framework */ = {isa = PBXFileReference; lastKnownFileType = wrapper.framework; name = Security.framework; path = System/Library/Frameworks/Security.framework; sourceTree = SDKROOT; };
		2BD486F223EFF40F0066F1C4 /* VideoToolbox.framework */ = {isa = PBXFileReference; lastKnownFileType = wrapper.framework; name = VideoToolbox.framework; path = System/Library/Frameworks/VideoToolbox.framework; sourceTree = SDKROOT; };
		2BD486F623EFF4350066F1C4 /* VLCKit.framework */ = {isa = PBXFileReference; lastKnownFileType = wrapper.framework; name = VLCKit.framework; path = Carthage/Build/Mac/VLCKit.framework; sourceTree = "<group>"; };
		2BD486FB23EFFE0B0066F1C4 /* StreamAudioController.swift */ = {isa = PBXFileReference; lastKnownFileType = sourcecode.swift; path = StreamAudioController.swift; sourceTree = "<group>"; };
		2BD486FD23F0046D0066F1C4 /* Starscream.framework */ = {isa = PBXFileReference; lastKnownFileType = wrapper.framework; name = Starscream.framework; path = Carthage/Build/Mac/Starscream.framework; sourceTree = "<group>"; };
		2BD83F8923F2A01A00422034 /* README.md */ = {isa = PBXFileReference; fileEncoding = 4; lastKnownFileType = net.daringfireball.markdown; path = README.md; sourceTree = "<group>"; };
		2BD83F8B23F331E100422034 /* Statistics.swift */ = {isa = PBXFileReference; lastKnownFileType = sourcecode.swift; path = Statistics.swift; sourceTree = "<group>"; };
		2BE995E123FB9B7A0092023C /* ActivityIndicator.swift */ = {isa = PBXFileReference; lastKnownFileType = sourcecode.swift; path = ActivityIndicator.swift; sourceTree = "<group>"; };
		2BE995E323FB9B990092023C /* BetterTextField.swift */ = {isa = PBXFileReference; lastKnownFileType = sourcecode.swift; path = BetterTextField.swift; sourceTree = "<group>"; };
		2BE995E523FB9BB10092023C /* VolumeSlider.swift */ = {isa = PBXFileReference; lastKnownFileType = sourcecode.swift; path = VolumeSlider.swift; sourceTree = "<group>"; };
		2BE995E723FB9BD40092023C /* ScrollView.swift */ = {isa = PBXFileReference; lastKnownFileType = sourcecode.swift; path = ScrollView.swift; sourceTree = "<group>"; };
		2BE995E923FB9F210092023C /* iTunesLibrary.framework */ = {isa = PBXFileReference; lastKnownFileType = wrapper.framework; name = iTunesLibrary.framework; path = System/Library/Frameworks/iTunesLibrary.framework; sourceTree = SDKROOT; };
		2BE995EC23FBA0190092023C /* LocalMusic.swift */ = {isa = PBXFileReference; lastKnownFileType = sourcecode.swift; path = LocalMusic.swift; sourceTree = "<group>"; };
		2BE995EF23FBA0CE0092023C /* AudioController.swift */ = {isa = PBXFileReference; lastKnownFileType = sourcecode.swift; path = AudioController.swift; sourceTree = "<group>"; };
		2BE995F123FBAB340092023C /* PopupButton.swift */ = {isa = PBXFileReference; lastKnownFileType = sourcecode.swift; path = PopupButton.swift; sourceTree = "<group>"; };
		2BE995F523FBB76B0092023C /* MusicBackend.swift */ = {isa = PBXFileReference; lastKnownFileType = sourcecode.swift; path = MusicBackend.swift; sourceTree = "<group>"; };
		2BE995F723FBEA4E0092023C /* LocalAudioController.swift */ = {isa = PBXFileReference; lastKnownFileType = sourcecode.swift; path = LocalAudioController.swift; sourceTree = "<group>"; };
		2BECD3E82577784500FF2544 /* NotifCentreNowPlaying.swift */ = {isa = PBXFileReference; lastKnownFileType = sourcecode.swift; path = NotifCentreNowPlaying.swift; sourceTree = "<group>"; };
		2BECD3EA2577852F00FF2544 /* InsomniaInducer.swift */ = {isa = PBXFileReference; lastKnownFileType = sourcecode.swift; path = InsomniaInducer.swift; sourceTree = "<group>"; };
		2BF4A33B254070E100942DCF /* SearchView.swift */ = {isa = PBXFileReference; lastKnownFileType = sourcecode.swift; path = SearchView.swift; sourceTree = "<group>"; };
/* End PBXFileReference section */

/* Begin PBXFrameworksBuildPhase section */
		2BD486BB23EFE3030066F1C4 /* Frameworks */ = {
			isa = PBXFrameworksBuildPhase;
			buildActionMask = 2147483647;
			files = (
				2B520CA12537F2A400FECA0E /* DFRFoundation.framework in Frameworks */,
				2BD486F523EFF41F0066F1C4 /* libiconv.tbd in Frameworks */,
				2BD486F423EFF41B0066F1C4 /* libbz2.tbd in Frameworks */,
				2BD486E223EFF3D00066F1C4 /* CoreMedia.framework in Frameworks */,
				2BD486F323EFF40F0066F1C4 /* VideoToolbox.framework in Frameworks */,
				2BD486E823EFF3E00066F1C4 /* Foundation.framework in Frameworks */,
				2BA155DB254125B300BB33FF /* Introspect in Frameworks */,
				2BA155DE2541263800BB33FF /* Just in Frameworks */,
				2BA155E7254127AF00BB33FF /* Deque in Frameworks */,
				2BD486DE23EFF3B70066F1C4 /* CoreFoundation.framework in Frameworks */,
				2BD486EF23EFF4040066F1C4 /* QuartzCore.framework in Frameworks */,
				2BD486DC23EFF3B10066F1C4 /* CFNetwork.framework in Frameworks */,
				2BD486DA23EFF3AB0066F1C4 /* AVFoundation.framework in Frameworks */,
				2BD486E423EFF3D60066F1C4 /* CoreText.framework in Frameworks */,
				2BD486E023EFF3BD0066F1C4 /* CoreGraphics.framework in Frameworks */,
				2B4077EB256D8B8C0054F4DC /* Socket in Frameworks */,
				2BD486D823EFF3A40066F1C4 /* AudioToolbox.framework in Frameworks */,
				2BA155E42541274E00BB33FF /* SwiftyJSON in Frameworks */,
				2BCEB21B25EE16BD00F731DD /* CoreAudio.framework in Frameworks */,
				2BA155E1254126BB00BB33FF /* KeychainSwift in Frameworks */,
				2BE995EA23FB9F210092023C /* iTunesLibrary.framework in Frameworks */,
				2BD486F723EFF4350066F1C4 /* VLCKit.framework in Frameworks */,
				2BD486F123EFF40A0066F1C4 /* Security.framework in Frameworks */,
				2BA155EB254127D800BB33FF /* Starscream in Frameworks */,
				2BD486E623EFF3DA0066F1C4 /* CoreVideo.framework in Frameworks */,
			);
			runOnlyForDeploymentPostprocessing = 0;
		};
/* End PBXFrameworksBuildPhase section */

/* Begin PBXGroup section */
		2B22659C25412D5E00F970B9 /* listenmoe */ = {
			isa = PBXGroup;
			children = (
				2B9DB59D23F0074500950421 /* ListenMoeSession.swift */,
				2B22659E25412DB600F970B9 /* ListenMoeController.swift */,
			);
			path = listenmoe;
			sourceTree = "<group>";
		};
		2B22659D25412D6600F970B9 /* itunes */ = {
			isa = PBXGroup;
			children = (
				2BE995EC23FBA0190092023C /* LocalMusic.swift */,
			);
			path = itunes;
			sourceTree = "<group>";
		};
		2B4077E4256D70CC0054F4DC /* discord */ = {
			isa = PBXGroup;
			children = (
				2B4077E5256D74810054F4DC /* Client.swift */,
				2B2D2C7C256E9F1700ED6DB5 /* RateLimiter.swift */,
				2B2D2C7E256E9F4800ED6DB5 /* Extensions.swift */,
			);
			path = discord;
			sourceTree = "<group>";
		};
		2B520C9D2537E9C200FECA0E /* system */ = {
			isa = PBXGroup;
			children = (
				2B125D7C253753D1000C45C5 /* MediaKeyHandler.swift */,
				2BECD3E82577784500FF2544 /* NotifCentreNowPlaying.swift */,
				2BECD3EA2577852F00FF2544 /* InsomniaInducer.swift */,
				2B009AC725F3389C001364F0 /* Atomic.swift */,
			);
			path = system;
			sourceTree = "<group>";
		};
		2B79C81423F1FD19001C87CD /* ui */ = {
			isa = PBXGroup;
			children = (
				2BD486C323EFE3030066F1C4 /* MainView.swift */,
				2BA9071A23F07DF200782C94 /* SettingsView.swift */,
				2BCFF5FF23F1CEEE00A58EFE /* LogView.swift */,
				2BF4A33B254070E100942DCF /* SearchView.swift */,
				2BA283FB23F14607008E0DEB /* ViewWrappers.swift */,
				2B4077E7256D84400054F4DC /* MainModel.swift */,
				2BD486D423EFE6C20066F1C4 /* ViewController.swift */,
				2BE995E023FB9B6B0092023C /* wrappers */,
			);
			path = ui;
			sourceTree = "<group>";
		};
		2B79C81623F1FD72001C87CD /* src */ = {
			isa = PBXGroup;
			children = (
				2B4077E4256D70CC0054F4DC /* discord */,
				2B79C81423F1FD19001C87CD /* ui */,
				2BE995EE23FBA0A50092023C /* audio */,
				2BE995EB23FB9FC10092023C /* backends */,
				2B520C9D2537E9C200FECA0E /* system */,
				2BA9071823F0731300782C94 /* Settings.swift */,
				2BCFF60123F1DF9700A58EFE /* Logger.swift */,
				2BD83F8B23F331E100422034 /* Statistics.swift */,
				2B9DB59F23F0085E00950421 /* ServiceController.swift */,
				2BD486C123EFE3030066F1C4 /* AppDelegate.swift */,
			);
			path = src;
			sourceTree = "<group>";
		};
		2BCEB21C25EE24CE00F731DD /* coreaudio */ = {
			isa = PBXGroup;
			children = (
				2BCEB21825EE16A400F731DD /* AudioDevices.swift */,
				2BCEB21D25EE24E700F731DD /* CoreAudioWrapper.swift */,
			);
			path = coreaudio;
			sourceTree = "<group>";
		};
		2BD486B523EFE3030066F1C4 = {
			isa = PBXGroup;
			children = (
				2BD83F8923F2A01A00422034 /* README.md */,
				2BD486C023EFE3030066F1C4 /* MoeStreamer */,
				2BD486BF23EFE3030066F1C4 /* Products */,
				2BD486D623EFF3A40066F1C4 /* Frameworks */,
			);
			sourceTree = "<group>";
		};
		2BD486BF23EFE3030066F1C4 /* Products */ = {
			isa = PBXGroup;
			children = (
				2BD486BE23EFE3030066F1C4 /* MoeStreamer.app */,
			);
			name = Products;
			sourceTree = "<group>";
		};
		2BD486C023EFE3030066F1C4 /* MoeStreamer */ = {
			isa = PBXGroup;
			children = (
				2B79C81623F1FD72001C87CD /* src */,
				2BD486C523EFE3070066F1C4 /* Assets.xcassets */,
				2BD486CA23EFE3070066F1C4 /* Main.storyboard */,
				2BD486CD23EFE3070066F1C4 /* Info.plist */,
				2BD486CE23EFE3070066F1C4 /* MoeStreamer.entitlements */,
			);
			path = MoeStreamer;
			sourceTree = "<group>";
		};
		2BD486D623EFF3A40066F1C4 /* Frameworks */ = {
			isa = PBXGroup;
			children = (
				2BCEB21A25EE16BD00F731DD /* CoreAudio.framework */,
				2B520CA02537F2A400FECA0E /* DFRFoundation.framework */,
				2BD367ED23FDBCA900926068 /* Deque.framework */,
				2BE995E923FB9F210092023C /* iTunesLibrary.framework */,
				2BA283F823F140EA008E0DEB /* Just.framework */,
				2BA283F523F08201008E0DEB /* KeychainSwift.framework */,
				2B84385923F0208D00291BDA /* SwiftyJSON.framework */,
				2BD486FD23F0046D0066F1C4 /* Starscream.framework */,
				2BD486F623EFF4350066F1C4 /* VLCKit.framework */,
				2BD486F223EFF40F0066F1C4 /* VideoToolbox.framework */,
				2BD486F023EFF40A0066F1C4 /* Security.framework */,
				2BD486EE23EFF4040066F1C4 /* QuartzCore.framework */,
				2BD486EC23EFF3FE0066F1C4 /* OpenGL.framework */,
				2BD486EB23EFF3F40066F1C4 /* libiconv.tbd */,
				2BD486EA23EFF3F00066F1C4 /* libbz2.1.0.5.tbd */,
				2BD486E923EFF3E60066F1C4 /* libbz2.tbd */,
				2BD486E723EFF3E00066F1C4 /* Foundation.framework */,
				2BD486E523EFF3DA0066F1C4 /* CoreVideo.framework */,
				2BD486E323EFF3D60066F1C4 /* CoreText.framework */,
				2BD486E123EFF3D00066F1C4 /* CoreMedia.framework */,
				2BD486DF23EFF3BD0066F1C4 /* CoreGraphics.framework */,
				2BD486DD23EFF3B70066F1C4 /* CoreFoundation.framework */,
				2BD486DB23EFF3B10066F1C4 /* CFNetwork.framework */,
				2BD486D923EFF3AB0066F1C4 /* AVFoundation.framework */,
				2BD486D723EFF3A40066F1C4 /* AudioToolbox.framework */,
			);
			name = Frameworks;
			sourceTree = "<group>";
		};
		2BE995E023FB9B6B0092023C /* wrappers */ = {
			isa = PBXGroup;
			children = (
				2BE995E123FB9B7A0092023C /* ActivityIndicator.swift */,
				2BE995E323FB9B990092023C /* BetterTextField.swift */,
				2BE995E523FB9BB10092023C /* VolumeSlider.swift */,
				2BE995E723FB9BD40092023C /* ScrollView.swift */,
				2BE995F123FBAB340092023C /* PopupButton.swift */,
			);
			path = wrappers;
			sourceTree = "<group>";
		};
		2BE995EB23FB9FC10092023C /* backends */ = {
			isa = PBXGroup;
			children = (
				2B22659D25412D6600F970B9 /* itunes */,
				2B22659C25412D5E00F970B9 /* listenmoe */,
				2BE995F523FBB76B0092023C /* MusicBackend.swift */,
			);
			path = backends;
			sourceTree = "<group>";
		};
		2BE995EE23FBA0A50092023C /* audio */ = {
			isa = PBXGroup;
			children = (
				2BCEB21C25EE24CE00F731DD /* coreaudio */,
				2BD486FB23EFFE0B0066F1C4 /* StreamAudioController.swift */,
				2BE995F723FBEA4E0092023C /* LocalAudioController.swift */,
				2BE995EF23FBA0CE0092023C /* AudioController.swift */,
				2B743D9C25EE737D00CC7D1D /* AudioEngine.swift */,
			);
			path = audio;
			sourceTree = "<group>";
		};
/* End PBXGroup section */

/* Begin PBXNativeTarget section */
		2BD486BD23EFE3030066F1C4 /* MoeStreamer */ = {
			isa = PBXNativeTarget;
			buildConfigurationList = 2BD486D123EFE3070066F1C4 /* Build configuration list for PBXNativeTarget "MoeStreamer" */;
			buildPhases = (
				2BD486BA23EFE3030066F1C4 /* Sources */,
				2BD486BB23EFE3030066F1C4 /* Frameworks */,
				2BD486BC23EFE3030066F1C4 /* Resources */,
				2BD486F923EFF7490066F1C4 /* CopyFiles */,
			);
			buildRules = (
			);
			dependencies = (
			);
			name = MoeStreamer;
			packageProductDependencies = (
				2BA155DA254125B300BB33FF /* Introspect */,
				2BA155DD2541263800BB33FF /* Just */,
				2BA155E0254126BB00BB33FF /* KeychainSwift */,
				2BA155E32541274E00BB33FF /* SwiftyJSON */,
				2BA155E6254127AF00BB33FF /* Deque */,
				2BA155EA254127D800BB33FF /* Starscream */,
				2B4077EA256D8B8C0054F4DC /* Socket */,
			);
			productName = SneakyMusicStreamer;
			productReference = 2BD486BE23EFE3030066F1C4 /* MoeStreamer.app */;
			productType = "com.apple.product-type.application";
		};
/* End PBXNativeTarget section */

/* Begin PBXProject section */
		2BD486B623EFE3030066F1C4 /* Project object */ = {
			isa = PBXProject;
			attributes = {
				LastSwiftUpdateCheck = 1130;
				LastUpgradeCheck = 1240;
				ORGANIZATIONNAME = zhiayang;
				TargetAttributes = {
					2BD486BD23EFE3030066F1C4 = {
						CreatedOnToolsVersion = 11.3;
					};
				};
			};
			buildConfigurationList = 2BD486B923EFE3030066F1C4 /* Build configuration list for PBXProject "MoeStreamer" */;
			compatibilityVersion = "Xcode 9.3";
			developmentRegion = en;
			hasScannedForEncodings = 0;
			knownRegions = (
				en,
				Base,
			);
			mainGroup = 2BD486B523EFE3030066F1C4;
			packageReferences = (
				2BA155D9254125B300BB33FF /* XCRemoteSwiftPackageReference "SwiftUI-Introspect" */,
				2BA155DC2541263800BB33FF /* XCRemoteSwiftPackageReference "Just" */,
				2BA155DF254126BB00BB33FF /* XCRemoteSwiftPackageReference "keychain-swift" */,
				2BA155E22541274E00BB33FF /* XCRemoteSwiftPackageReference "SwiftyJSON" */,
				2BA155E5254127AF00BB33FF /* XCRemoteSwiftPackageReference "Deque" */,
				2BA155E9254127D800BB33FF /* XCRemoteSwiftPackageReference "Starscream" */,
				2B4077E9256D8B8C0054F4DC /* XCRemoteSwiftPackageReference "BlueSocket" */,
			);
			productRefGroup = 2BD486BF23EFE3030066F1C4 /* Products */;
			projectDirPath = "";
			projectRoot = "";
			targets = (
				2BD486BD23EFE3030066F1C4 /* MoeStreamer */,
			);
		};
/* End PBXProject section */

/* Begin PBXResourcesBuildPhase section */
		2BD486BC23EFE3030066F1C4 /* Resources */ = {
			isa = PBXResourcesBuildPhase;
			buildActionMask = 2147483647;
			files = (
				2BD83F8A23F2A01A00422034 /* README.md in Resources */,
				2BD486CC23EFE3070066F1C4 /* Main.storyboard in Resources */,
				2BD486C623EFE3070066F1C4 /* Assets.xcassets in Resources */,
			);
			runOnlyForDeploymentPostprocessing = 0;
		};
/* End PBXResourcesBuildPhase section */

/* Begin PBXSourcesBuildPhase section */
		2BD486BA23EFE3030066F1C4 /* Sources */ = {
			isa = PBXSourcesBuildPhase;
			buildActionMask = 2147483647;
			files = (
				2B22659F25412DB600F970B9 /* ListenMoeController.swift in Sources */,
				2BD486C423EFE3030066F1C4 /* MainView.swift in Sources */,
				2BCFF60223F1DF9700A58EFE /* Logger.swift in Sources */,
				2B4077E6256D74810054F4DC /* Client.swift in Sources */,
				2B2D2C7D256E9F1700ED6DB5 /* RateLimiter.swift in Sources */,
				2BA9071B23F07DF200782C94 /* SettingsView.swift in Sources */,
				2B743D9D25EE737D00CC7D1D /* AudioEngine.swift in Sources */,
				2BD486FC23EFFE0B0066F1C4 /* StreamAudioController.swift in Sources */,
				2BF4A33C254070E100942DCF /* SearchView.swift in Sources */,
				2BE995ED23FBA0190092023C /* LocalMusic.swift in Sources */,
				2BE995E223FB9B7A0092023C /* ActivityIndicator.swift in Sources */,
				2BE995E823FB9BD40092023C /* ScrollView.swift in Sources */,
				2BE995E623FB9BB10092023C /* VolumeSlider.swift in Sources */,
				2BE995E423FB9B990092023C /* BetterTextField.swift in Sources */,
				2BCEB21E25EE24E700F731DD /* CoreAudioWrapper.swift in Sources */,
				2BCFF60023F1CEEE00A58EFE /* LogView.swift in Sources */,
				2BE995F223FBAB340092023C /* PopupButton.swift in Sources */,
				2B4077E8256D84400054F4DC /* MainModel.swift in Sources */,
				2BE995F823FBEA4F0092023C /* LocalAudioController.swift in Sources */,
				2B009AC825F3389C001364F0 /* Atomic.swift in Sources */,
				2BE995F023FBA0CE0092023C /* AudioController.swift in Sources */,
				2BD486D523EFE6C20066F1C4 /* ViewController.swift in Sources */,
				2B125D7D253753D1000C45C5 /* MediaKeyHandler.swift in Sources */,
				2B9DB5A023F0085E00950421 /* ServiceController.swift in Sources */,
				2BA9071923F0731300782C94 /* Settings.swift in Sources */,
				2BECD3EB2577852F00FF2544 /* InsomniaInducer.swift in Sources */,
				2B9DB59E23F0074500950421 /* ListenMoeSession.swift in Sources */,
				2BA283FC23F14607008E0DEB /* ViewWrappers.swift in Sources */,
				2BD83F8C23F331E100422034 /* Statistics.swift in Sources */,
				2BE995F623FBB76B0092023C /* MusicBackend.swift in Sources */,
				2BD486C223EFE3030066F1C4 /* AppDelegate.swift in Sources */,
				2BCEB21925EE16A400F731DD /* AudioDevices.swift in Sources */,
				2B2D2C7F256E9F4800ED6DB5 /* Extensions.swift in Sources */,
				2BECD3E92577784500FF2544 /* NotifCentreNowPlaying.swift in Sources */,
			);
			runOnlyForDeploymentPostprocessing = 0;
		};
/* End PBXSourcesBuildPhase section */

/* Begin PBXVariantGroup section */
		2BD486CA23EFE3070066F1C4 /* Main.storyboard */ = {
			isa = PBXVariantGroup;
			children = (
				2BD486CB23EFE3070066F1C4 /* Base */,
			);
			name = Main.storyboard;
			sourceTree = "<group>";
		};
/* End PBXVariantGroup section */

/* Begin XCBuildConfiguration section */
		2BD486CF23EFE3070066F1C4 /* Debug */ = {
			isa = XCBuildConfiguration;
			buildSettings = {
				ALWAYS_SEARCH_USER_PATHS = NO;
				ARCHS = x86_64;
				CLANG_ANALYZER_NONNULL = YES;
				CLANG_ANALYZER_NUMBER_OBJECT_CONVERSION = YES_AGGRESSIVE;
				CLANG_CXX_LANGUAGE_STANDARD = "gnu++14";
				CLANG_CXX_LIBRARY = "libc++";
				CLANG_ENABLE_MODULES = YES;
				CLANG_ENABLE_OBJC_ARC = YES;
				CLANG_ENABLE_OBJC_WEAK = YES;
				CLANG_WARN_BLOCK_CAPTURE_AUTORELEASING = YES;
				CLANG_WARN_BOOL_CONVERSION = YES;
				CLANG_WARN_COMMA = YES;
				CLANG_WARN_CONSTANT_CONVERSION = YES;
				CLANG_WARN_DEPRECATED_OBJC_IMPLEMENTATIONS = YES;
				CLANG_WARN_DIRECT_OBJC_ISA_USAGE = YES_ERROR;
				CLANG_WARN_DOCUMENTATION_COMMENTS = YES;
				CLANG_WARN_EMPTY_BODY = YES;
				CLANG_WARN_ENUM_CONVERSION = YES;
				CLANG_WARN_INFINITE_RECURSION = YES;
				CLANG_WARN_INT_CONVERSION = YES;
				CLANG_WARN_NON_LITERAL_NULL_CONVERSION = YES;
				CLANG_WARN_OBJC_IMPLICIT_RETAIN_SELF = YES;
				CLANG_WARN_OBJC_LITERAL_CONVERSION = YES;
				CLANG_WARN_OBJC_ROOT_CLASS = YES_ERROR;
				CLANG_WARN_QUOTED_INCLUDE_IN_FRAMEWORK_HEADER = YES;
				CLANG_WARN_RANGE_LOOP_ANALYSIS = YES;
				CLANG_WARN_STRICT_PROTOTYPES = YES;
				CLANG_WARN_SUSPICIOUS_MOVE = YES;
				CLANG_WARN_UNGUARDED_AVAILABILITY = YES_AGGRESSIVE;
				CLANG_WARN_UNREACHABLE_CODE = YES;
				CLANG_WARN__DUPLICATE_METHOD_MATCH = YES;
				COPY_PHASE_STRIP = NO;
				DEBUG_INFORMATION_FORMAT = dwarf;
				ENABLE_STRICT_OBJC_MSGSEND = YES;
				ENABLE_TESTABILITY = YES;
				GCC_C_LANGUAGE_STANDARD = gnu11;
				GCC_DYNAMIC_NO_PIC = NO;
				GCC_NO_COMMON_BLOCKS = YES;
				GCC_OPTIMIZATION_LEVEL = 0;
				GCC_PREPROCESSOR_DEFINITIONS = (
					"DEBUG=1",
					"$(inherited)",
				);
				GCC_WARN_64_TO_32_BIT_CONVERSION = YES;
				GCC_WARN_ABOUT_RETURN_TYPE = YES_ERROR;
				GCC_WARN_UNDECLARED_SELECTOR = YES;
				GCC_WARN_UNINITIALIZED_AUTOS = YES_AGGRESSIVE;
				GCC_WARN_UNUSED_FUNCTION = YES;
				GCC_WARN_UNUSED_VARIABLE = YES;
				MACOSX_DEPLOYMENT_TARGET = 10.15;
				MTL_ENABLE_DEBUG_INFO = INCLUDE_SOURCE;
				MTL_FAST_MATH = YES;
				ONLY_ACTIVE_ARCH = YES;
				SDKROOT = macosx;
				SWIFT_ACTIVE_COMPILATION_CONDITIONS = DEBUG;
				SWIFT_OBJC_BRIDGING_HEADER = "MoeStreamer/src/MoeStreamer-Bridging-Header.h";
				SWIFT_OPTIMIZATION_LEVEL = "-Onone";
			};
			name = Debug;
		};
		2BD486D023EFE3070066F1C4 /* Release */ = {
			isa = XCBuildConfiguration;
			buildSettings = {
				ALWAYS_SEARCH_USER_PATHS = NO;
				ARCHS = x86_64;
				CLANG_ANALYZER_NONNULL = YES;
				CLANG_ANALYZER_NUMBER_OBJECT_CONVERSION = YES_AGGRESSIVE;
				CLANG_CXX_LANGUAGE_STANDARD = "gnu++14";
				CLANG_CXX_LIBRARY = "libc++";
				CLANG_ENABLE_MODULES = YES;
				CLANG_ENABLE_OBJC_ARC = YES;
				CLANG_ENABLE_OBJC_WEAK = YES;
				CLANG_WARN_BLOCK_CAPTURE_AUTORELEASING = YES;
				CLANG_WARN_BOOL_CONVERSION = YES;
				CLANG_WARN_COMMA = YES;
				CLANG_WARN_CONSTANT_CONVERSION = YES;
				CLANG_WARN_DEPRECATED_OBJC_IMPLEMENTATIONS = YES;
				CLANG_WARN_DIRECT_OBJC_ISA_USAGE = YES_ERROR;
				CLANG_WARN_DOCUMENTATION_COMMENTS = YES;
				CLANG_WARN_EMPTY_BODY = YES;
				CLANG_WARN_ENUM_CONVERSION = YES;
				CLANG_WARN_INFINITE_RECURSION = YES;
				CLANG_WARN_INT_CONVERSION = YES;
				CLANG_WARN_NON_LITERAL_NULL_CONVERSION = YES;
				CLANG_WARN_OBJC_IMPLICIT_RETAIN_SELF = YES;
				CLANG_WARN_OBJC_LITERAL_CONVERSION = YES;
				CLANG_WARN_OBJC_ROOT_CLASS = YES_ERROR;
				CLANG_WARN_QUOTED_INCLUDE_IN_FRAMEWORK_HEADER = YES;
				CLANG_WARN_RANGE_LOOP_ANALYSIS = YES;
				CLANG_WARN_STRICT_PROTOTYPES = YES;
				CLANG_WARN_SUSPICIOUS_MOVE = YES;
				CLANG_WARN_UNGUARDED_AVAILABILITY = YES_AGGRESSIVE;
				CLANG_WARN_UNREACHABLE_CODE = YES;
				CLANG_WARN__DUPLICATE_METHOD_MATCH = YES;
				COPY_PHASE_STRIP = NO;
				DEBUG_INFORMATION_FORMAT = "dwarf-with-dsym";
				ENABLE_NS_ASSERTIONS = NO;
				ENABLE_STRICT_OBJC_MSGSEND = YES;
				GCC_C_LANGUAGE_STANDARD = gnu11;
				GCC_NO_COMMON_BLOCKS = YES;
				GCC_WARN_64_TO_32_BIT_CONVERSION = YES;
				GCC_WARN_ABOUT_RETURN_TYPE = YES_ERROR;
				GCC_WARN_UNDECLARED_SELECTOR = YES;
				GCC_WARN_UNINITIALIZED_AUTOS = YES_AGGRESSIVE;
				GCC_WARN_UNUSED_FUNCTION = YES;
				GCC_WARN_UNUSED_VARIABLE = YES;
				MACOSX_DEPLOYMENT_TARGET = 10.15;
				MTL_ENABLE_DEBUG_INFO = NO;
				MTL_FAST_MATH = YES;
				SDKROOT = macosx;
				SWIFT_COMPILATION_MODE = wholemodule;
				SWIFT_OBJC_BRIDGING_HEADER = "MoeStreamer/src/MoeStreamer-Bridging-Header.h";
				SWIFT_OPTIMIZATION_LEVEL = "-O";
			};
			name = Release;
		};
		2BD486D223EFE3070066F1C4 /* Debug */ = {
			isa = XCBuildConfiguration;
			buildSettings = {
				ASSETCATALOG_COMPILER_APPICON_NAME = AppIcon;
				CODE_SIGN_ENTITLEMENTS = MoeStreamer/MoeStreamer.entitlements;
				CODE_SIGN_IDENTITY = "Apple Development";
				CODE_SIGN_STYLE = Automatic;
				COMBINE_HIDPI_IMAGES = YES;
				DEVELOPMENT_ASSET_PATHS = "";
				DEVELOPMENT_TEAM = 49F59MY7Q4;
				ENABLE_HARDENED_RUNTIME = YES;
				ENABLE_PREVIEWS = YES;
				FRAMEWORK_SEARCH_PATHS = (
					"$(inherited)",
					"$(PROJECT_DIR)/Carthage/Build/Mac",
				);
				INFOPLIST_FILE = "$(SRCROOT)/MoeStreamer/Info.plist";
				LD_RUNPATH_SEARCH_PATHS = (
					"$(inherited)",
					"@executable_path/../Frameworks",
				);
				MACOSX_DEPLOYMENT_TARGET = 10.15;
				MARKETING_VERSION = "0.17.0-rc5";
				PRODUCT_BUNDLE_IDENTIFIER = com.zhiayang.MoeStreamer;
				PRODUCT_NAME = "$(TARGET_NAME)";
				SWIFT_OBJC_BRIDGING_HEADER = "";
				SWIFT_VERSION = 5.0;
				SYSTEM_FRAMEWORK_SEARCH_PATHS = (
					"$(inherited)",
					"$(SYSTEM_LIBRARY_DIR)/PrivateFrameworks",
				);
			};
			name = Debug;
		};
		2BD486D323EFE3070066F1C4 /* Release */ = {
			isa = XCBuildConfiguration;
			buildSettings = {
				ASSETCATALOG_COMPILER_APPICON_NAME = AppIcon;
				CODE_SIGN_ENTITLEMENTS = MoeStreamer/MoeStreamer.entitlements;
				CODE_SIGN_IDENTITY = "Apple Development";
				CODE_SIGN_STYLE = Automatic;
				COMBINE_HIDPI_IMAGES = YES;
				DEVELOPMENT_ASSET_PATHS = "";
				DEVELOPMENT_TEAM = 49F59MY7Q4;
				ENABLE_HARDENED_RUNTIME = YES;
				ENABLE_PREVIEWS = YES;
				FRAMEWORK_SEARCH_PATHS = (
					"$(inherited)",
					"$(PROJECT_DIR)/Carthage/Build/Mac",
				);
				INFOPLIST_FILE = "$(SRCROOT)/MoeStreamer/Info.plist";
				LD_RUNPATH_SEARCH_PATHS = (
					"$(inherited)",
					"@executable_path/../Frameworks",
				);
				MACOSX_DEPLOYMENT_TARGET = 10.15;
				MARKETING_VERSION = "0.17.0-rc5";
				PRODUCT_BUNDLE_IDENTIFIER = com.zhiayang.MoeStreamer;
				PRODUCT_NAME = "$(TARGET_NAME)";
				SWIFT_OBJC_BRIDGING_HEADER = "";
				SWIFT_VERSION = 5.0;
				SYSTEM_FRAMEWORK_SEARCH_PATHS = (
					"$(inherited)",
					"$(SYSTEM_LIBRARY_DIR)/PrivateFrameworks",
				);
			};
			name = Release;
		};
/* End XCBuildConfiguration section */

/* Begin XCConfigurationList section */
		2BD486B923EFE3030066F1C4 /* Build configuration list for PBXProject "MoeStreamer" */ = {
			isa = XCConfigurationList;
			buildConfigurations = (
				2BD486CF23EFE3070066F1C4 /* Debug */,
				2BD486D023EFE3070066F1C4 /* Release */,
			);
			defaultConfigurationIsVisible = 0;
			defaultConfigurationName = Release;
		};
		2BD486D123EFE3070066F1C4 /* Build configuration list for PBXNativeTarget "MoeStreamer" */ = {
			isa = XCConfigurationList;
			buildConfigurations = (
				2BD486D223EFE3070066F1C4 /* Debug */,
				2BD486D323EFE3070066F1C4 /* Release */,
			);
			defaultConfigurationIsVisible = 0;
			defaultConfigurationName = Release;
		};
/* End XCConfigurationList section */

/* Begin XCRemoteSwiftPackageReference section */
		2B4077E9256D8B8C0054F4DC /* XCRemoteSwiftPackageReference "BlueSocket" */ = {
			isa = XCRemoteSwiftPackageReference;
			repositoryURL = "https://github.com/Kitura/BlueSocket";
			requirement = {
				kind = upToNextMajorVersion;
				minimumVersion = 1.0.200;
			};
		};
		2BA155D9254125B300BB33FF /* XCRemoteSwiftPackageReference "SwiftUI-Introspect" */ = {
			isa = XCRemoteSwiftPackageReference;
			repositoryURL = "https://github.com/siteline/SwiftUI-Introspect.git";
			requirement = {
				kind = upToNextMajorVersion;
				minimumVersion = 0.1.0;
			};
		};
		2BA155DC2541263800BB33FF /* XCRemoteSwiftPackageReference "Just" */ = {
			isa = XCRemoteSwiftPackageReference;
			repositoryURL = "https://github.com/dduan/Just.git";
			requirement = {
				kind = upToNextMajorVersion;
				minimumVersion = 0.8.0;
			};
		};
		2BA155DF254126BB00BB33FF /* XCRemoteSwiftPackageReference "keychain-swift" */ = {
			isa = XCRemoteSwiftPackageReference;
			repositoryURL = "https://github.com/evgenyneu/keychain-swift.git";
			requirement = {
				kind = upToNextMajorVersion;
				minimumVersion = 19.0.0;
			};
		};
		2BA155E22541274E00BB33FF /* XCRemoteSwiftPackageReference "SwiftyJSON" */ = {
			isa = XCRemoteSwiftPackageReference;
			repositoryURL = "https://github.com/SwiftyJSON/SwiftyJSON.git";
			requirement = {
				kind = upToNextMajorVersion;
				minimumVersion = 5.0.0;
			};
		};
		2BA155E5254127AF00BB33FF /* XCRemoteSwiftPackageReference "Deque" */ = {
			isa = XCRemoteSwiftPackageReference;
			repositoryURL = "https://github.com/attaswift/Deque.git";
			requirement = {
				kind = upToNextMajorVersion;
				minimumVersion = 3.1.1;
			};
		};
		2BA155E9254127D800BB33FF /* XCRemoteSwiftPackageReference "Starscream" */ = {
			isa = XCRemoteSwiftPackageReference;
			repositoryURL = "https://github.com/daltoniam/Starscream.git";
			requirement = {
				kind = upToNextMajorVersion;
				minimumVersion = 3.0.0;
			};
		};
/* End XCRemoteSwiftPackageReference section */

/* Begin XCSwiftPackageProductDependency section */
		2B4077EA256D8B8C0054F4DC /* Socket */ = {
			isa = XCSwiftPackageProductDependency;
			package = 2B4077E9256D8B8C0054F4DC /* XCRemoteSwiftPackageReference "BlueSocket" */;
			productName = Socket;
		};
		2BA155DA254125B300BB33FF /* Introspect */ = {
			isa = XCSwiftPackageProductDependency;
			package = 2BA155D9254125B300BB33FF /* XCRemoteSwiftPackageReference "SwiftUI-Introspect" */;
			productName = Introspect;
		};
		2BA155DD2541263800BB33FF /* Just */ = {
			isa = XCSwiftPackageProductDependency;
			package = 2BA155DC2541263800BB33FF /* XCRemoteSwiftPackageReference "Just" */;
			productName = Just;
		};
		2BA155E0254126BB00BB33FF /* KeychainSwift */ = {
			isa = XCSwiftPackageProductDependency;
			package = 2BA155DF254126BB00BB33FF /* XCRemoteSwiftPackageReference "keychain-swift" */;
			productName = KeychainSwift;
		};
		2BA155E32541274E00BB33FF /* SwiftyJSON */ = {
			isa = XCSwiftPackageProductDependency;
			package = 2BA155E22541274E00BB33FF /* XCRemoteSwiftPackageReference "SwiftyJSON" */;
			productName = SwiftyJSON;
		};
		2BA155E6254127AF00BB33FF /* Deque */ = {
			isa = XCSwiftPackageProductDependency;
			package = 2BA155E5254127AF00BB33FF /* XCRemoteSwiftPackageReference "Deque" */;
			productName = Deque;
		};
		2BA155EA254127D800BB33FF /* Starscream */ = {
			isa = XCSwiftPackageProductDependency;
			package = 2BA155E9254127D800BB33FF /* XCRemoteSwiftPackageReference "Starscream" */;
			productName = Starscream;
		};
/* End XCSwiftPackageProductDependency section */
	};
	rootObject = 2BD486B623EFE3030066F1C4 /* Project object */;
}
